
Microsoft Visual Studio Solution File, Format Version 12.00
# Visual Studio 15
VisualStudioVersion = 15.0.28307.168
MinimumVisualStudioVersion = 10.0.40219.1
Project("{F184B08F-C81C-45F6-A57F-5ABD9991F28F}") = "FileSystemWatcher", "FileSystemWatcher\FileSystemWatcher.vbproj", "{6397972C-FBEC-4C06-8A5C-DDDA628EF76E}"
EndProject
Global
	GlobalSection(SolutionConfigurationPlatforms) = preSolution
		Debug|Any CPU = Debug|Any CPU
		Release|Any CPU = Release|Any CPU
	EndGlobalSection
	GlobalSection(ProjectConfigurationPlatforms) = postSolution
		{6397972C-FBEC-4C06-8A5C-DDDA628EF76E}.Debug|Any CPU.ActiveCfg = Debug|Any CPU
		{6397972C-FBEC-4C06-8A5C-DDDA628EF76E}.Debug|Any CPU.Build.0 = Debug|Any CPU
		{6397972C-FBEC-4C06-8A5C-DDDA628EF76E}.Release|Any CPU.ActiveCfg = Release|Any CPU
		{6397972C-FBEC-4C06-8A5C-DDDA628EF76E}.Release|Any CPU.Build.0 = Release|Any CPU
	EndGlobalSection
	GlobalSection(SolutionProperties) = preSolution
		HideSolutionNode = FALSE
	EndGlobalSection
	GlobalSection(ExtensibilityGlobals) = postSolution
		SolutionGuid = {3671C918-45AA-40AB-97CA-E610B8AA6412}
	EndGlobalSection
EndGlobal
